
Microsoft Visual Studio Solution File, Format Version 12.00
# Visual Studio Version 17
VisualStudioVersion = 17.8.34330.188
MinimumVisualStudioVersion = 10.0.40219.1
Project("{9A19103F-16F7-4668-BE54-9A1E7A4F7556}") = "task1", "task1.csproj", "{23F494B2-F790-45D8-BE02-708FC369488F}"
EndProject
Project("{FAE04EC0-301F-11D3-BF4B-00C04F79EFBC}") = "task2", "..\доюой\task2.csproj", "{0400BEBF-98A7-4676-98A8-19B8F3081C49}"
EndProject
Project("{FAE04EC0-301F-11D3-BF4B-00C04F79EFBC}") = "task3", "..\task3\task3.csproj", "{D8754698-1889-4734-B242-973820C81E80}"
EndProject
Project("{FAE04EC0-301F-11D3-BF4B-00C04F79EFBC}") = "task4", "..\task4\task4.csproj", "{E3301A40-4B9C-4014-A696-D900B2ECBABA}"
EndProject
Project("{FAE04EC0-301F-11D3-BF4B-00C04F79EFBC}") = "task5", "..\task5\task5.csproj", "{B29B3AA5-1AC8-40CE-81CE-8A08A57588C7}"
EndProject
Global
	GlobalSection(SolutionConfigurationPlatforms) = preSolution
		Debug|Any CPU = Debug|Any CPU
		Release|Any CPU = Release|Any CPU
	EndGlobalSection
	GlobalSection(ProjectConfigurationPlatforms) = postSolution
		{23F494B2-F790-45D8-BE02-708FC369488F}.Debug|Any CPU.ActiveCfg = Debug|Any CPU
		{23F494B2-F790-45D8-BE02-708FC369488F}.Debug|Any CPU.Build.0 = Debug|Any CPU
		{23F494B2-F790-45D8-BE02-708FC369488F}.Release|Any CPU.ActiveCfg = Release|Any CPU
		{23F494B2-F790-45D8-BE02-708FC369488F}.Release|Any CPU.Build.0 = Release|Any CPU
		{0400BEBF-98A7-4676-98A8-19B8F3081C49}.Debug|Any CPU.ActiveCfg = Debug|Any CPU
		{0400BEBF-98A7-4676-98A8-19B8F3081C49}.Debug|Any CPU.Build.0 = Debug|Any CPU
		{0400BEBF-98A7-4676-98A8-19B8F3081C49}.Release|Any CPU.ActiveCfg = Release|Any CPU
		{0400BEBF-98A7-4676-98A8-19B8F3081C49}.Release|Any CPU.Build.0 = Release|Any CPU
		{D8754698-1889-4734-B242-973820C81E80}.Debug|Any CPU.ActiveCfg = Debug|Any CPU
		{D8754698-1889-4734-B242-973820C81E80}.Debug|Any CPU.Build.0 = Debug|Any CPU
		{D8754698-1889-4734-B242-973820C81E80}.Release|Any CPU.ActiveCfg = Release|Any CPU
		{D8754698-1889-4734-B242-973820C81E80}.Release|Any CPU.Build.0 = Release|Any CPU
		{E3301A40-4B9C-4014-A696-D900B2ECBABA}.Debug|Any CPU.ActiveCfg = Debug|Any CPU
		{E3301A40-4B9C-4014-A696-D900B2ECBABA}.Debug|Any CPU.Build.0 = Debug|Any CPU
		{E3301A40-4B9C-4014-A696-D900B2ECBABA}.Release|Any CPU.ActiveCfg = Release|Any CPU
		{E3301A40-4B9C-4014-A696-D900B2ECBABA}.Release|Any CPU.Build.0 = Release|Any CPU
		{B29B3AA5-1AC8-40CE-81CE-8A08A57588C7}.Debug|Any CPU.ActiveCfg = Debug|Any CPU
		{B29B3AA5-1AC8-40CE-81CE-8A08A57588C7}.Debug|Any CPU.Build.0 = Debug|Any CPU
		{B29B3AA5-1AC8-40CE-81CE-8A08A57588C7}.Release|Any CPU.ActiveCfg = Release|Any CPU
		{B29B3AA5-1AC8-40CE-81CE-8A08A57588C7}.Release|Any CPU.Build.0 = Release|Any CPU
	EndGlobalSection
	GlobalSection(SolutionProperties) = preSolution
		HideSolutionNode = FALSE
	EndGlobalSection
	GlobalSection(ExtensibilityGlobals) = postSolution
		SolutionGuid = {61BA50CF-3BD4-4579-9136-C8D851D57CFD}
	EndGlobalSection
EndGlobal
